
Microsoft Visual Studio Solution File, Format Version 12.00
# Visual Studio Version 17
VisualStudioVersion = 17.5.002.0
MinimumVisualStudioVersion = 10.0.40219.1
Project("{9A19103F-16F7-4668-BE54-9A1E7A4F7556}") = "NestlyService", "NestlyService\NestlyService.csproj", "{235376AE-D9E3-4A52-BABF-0F1803B2CEB6}"
EndProject
Global
	GlobalSection(SolutionConfigurationPlatforms) = preSolution
		Debug|Any CPU = Debug|Any CPU
		Release|Any CPU = Release|Any CPU
	EndGlobalSection
	GlobalSection(ProjectConfigurationPlatforms) = postSolution
		{235376AE-D9E3-4A52-BABF-0F1803B2CEB6}.Debug|Any CPU.ActiveCfg = Debug|Any CPU
		{235376AE-D9E3-4A52-BABF-0F1803B2CEB6}.Debug|Any CPU.Build.0 = Debug|Any CPU
		{235376AE-D9E3-4A52-BABF-0F1803B2CEB6}.Release|Any CPU.ActiveCfg = Release|Any CPU
		{235376AE-D9E3-4A52-BABF-0F1803B2CEB6}.Release|Any CPU.Build.0 = Release|Any CPU
	EndGlobalSection
	GlobalSection(SolutionProperties) = preSolution
		HideSolutionNode = FALSE
	EndGlobalSection
	GlobalSection(ExtensibilityGlobals) = postSolution
		SolutionGuid = {BD81323C-2E5D-46E5-B66E-58479F9DAA6D}
	EndGlobalSection
EndGlobal
